// !$*UTF8*$!
{
	archiveVersion = 1;
	classes = {
	};
	objectVersion = 46;
	objects = {

/* Begin PBXBuildFile section */
		9F345D7B1A5596CC0075367B /* main.m in Sources */ = {isa = PBXBuildFile; fileRef = 9F345D7A1A5596CC0075367B /* main.m */; };
		9F345D7E1A5596CC0075367B /* AppDelegate.m in Sources */ = {isa = PBXBuildFile; fileRef = 9F345D7D1A5596CC0075367B /* AppDelegate.m */; };
		9F345D811A5596CC0075367B /* Kyzook.xcdatamodeld in Sources */ = {isa = PBXBuildFile; fileRef = 9F345D7F1A5596CC0075367B /* Kyzook.xcdatamodeld */; };
		9F345D841A5596CC0075367B /* ViewController.m in Sources */ = {isa = PBXBuildFile; fileRef = 9F345D831A5596CC0075367B /* ViewController.m */; };
		9F345D871A5596CC0075367B /* Main.storyboard in Resources */ = {isa = PBXBuildFile; fileRef = 9F345D851A5596CC0075367B /* Main.storyboard */; };
		9F345D891A5596CC0075367B /* Images.xcassets in Resources */ = {isa = PBXBuildFile; fileRef = 9F345D881A5596CC0075367B /* Images.xcassets */; };
		9F345D8C1A5596CC0075367B /* LaunchScreen.xib in Resources */ = {isa = PBXBuildFile; fileRef = 9F345D8A1A5596CC0075367B /* LaunchScreen.xib */; };
		9F345D981A5596CD0075367B /* KyzookTests.m in Sources */ = {isa = PBXBuildFile; fileRef = 9F345D971A5596CD0075367B /* KyzookTests.m */; };
/* End PBXBuildFile section */

/* Begin PBXContainerItemProxy section */
		9F345D921A5596CD0075367B /* PBXContainerItemProxy */ = {
			isa = PBXContainerItemProxy;
			containerPortal = 9F345D6D1A5596CC0075367B /* Project object */;
			proxyType = 1;
			remoteGlobalIDString = 9F345D741A5596CC0075367B;
			remoteInfo = Kyzook;
		};
/* End PBXContainerItemProxy section */

/* Begin PBXFileReference section */
		9F345D751A5596CC0075367B /* Kyzook.app */ = {isa = PBXFileReference; explicitFileType = wrapper.application; includeInIndex = 0; path = Kyzook.app; sourceTree = BUILT_PRODUCTS_DIR; };
		9F345D791A5596CC0075367B /* Info.plist */ = {isa = PBXFileReference; lastKnownFileType = text.plist.xml; path = Info.plist; sourceTree = "<group>"; };
		9F345D7A1A5596CC0075367B /* main.m */ = {isa = PBXFileReference; lastKnownFileType = sourcecode.c.objc; path = main.m; sourceTree = "<group>"; };
		9F345D7C1A5596CC0075367B /* AppDelegate.h */ = {isa = PBXFileReference; lastKnownFileType = sourcecode.c.h; path = AppDelegate.h; sourceTree = "<group>"; };
		9F345D7D1A5596CC0075367B /* AppDelegate.m */ = {isa = PBXFileReference; lastKnownFileType = sourcecode.c.objc; path = AppDelegate.m; sourceTree = "<group>"; };
		9F345D801A5596CC0075367B /* Kyzook.xcdatamodel */ = {isa = PBXFileReference; lastKnownFileType = wrapper.xcdatamodel; path = Kyzook.xcdatamodel; sourceTree = "<group>"; };
		9F345D821A5596CC0075367B /* ViewController.h */ = {isa = PBXFileReference; lastKnownFileType = sourcecode.c.h; path = ViewController.h; sourceTree = "<group>"; };
		9F345D831A5596CC0075367B /* ViewController.m */ = {isa = PBXFileReference; lastKnownFileType = sourcecode.c.objc; path = ViewController.m; sourceTree = "<group>"; };
		9F345D861A5596CC0075367B /* Base */ = {isa = PBXFileReference; lastKnownFileType = file.storyboard; name = Base; path = Base.lproj/Main.storyboard; sourceTree = "<group>"; };
		9F345D881A5596CC0075367B /* Images.xcassets */ = {isa = PBXFileReference; lastKnownFileType = folder.assetcatalog; path = Images.xcassets; sourceTree = "<group>"; };
		9F345D8B1A5596CC0075367B /* Base */ = {isa = PBXFileReference; lastKnownFileType = file.xib; name = Base; path = Base.lproj/LaunchScreen.xib; sourceTree = "<group>"; };
		9F345D911A5596CD0075367B /* KyzookTests.xctest */ = {isa = PBXFileReference; explicitFileType = wrapper.cfbundle; includeInIndex = 0; path = KyzookTests.xctest; sourceTree = BUILT_PRODUCTS_DIR; };
		9F345D961A5596CD0075367B /* Info.plist */ = {isa = PBXFileReference; lastKnownFileType = text.plist.xml; path = Info.plist; sourceTree = "<group>"; };
		9F345D971A5596CD0075367B /* KyzookTests.m */ = {isa = PBXFileReference; lastKnownFileType = sourcecode.c.objc; path = KyzookTests.m; sourceTree = "<group>"; };
/* End PBXFileReference section */

/* Begin PBXFrameworksBuildPhase section */
		9F345D721A5596CC0075367B /* Frameworks */ = {
			isa = PBXFrameworksBuildPhase;
			buildActionMask = 2147483647;
			files = (
			);
			runOnlyForDeploymentPostprocessing = 0;
		};
		9F345D8E1A5596CD0075367B /* Frameworks */ = {
			isa = PBXFrameworksBuildPhase;
			buildActionMask = 2147483647;
			files = (
			);
			runOnlyForDeploymentPostprocessing = 0;
		};
/* End PBXFrameworksBuildPhase section */

/* Begin PBXGroup section */
		9F345D6C1A5596CC0075367B = {
			isa = PBXGroup;
			children = (
				9F345D771A5596CC0075367B /* Kyzook */,
				9F345D941A5596CD0075367B /* KyzookTests */,
				9F345D761A5596CC0075367B /* Products */,
			);
			sourceTree = "<group>";
		};
		9F345D761A5596CC0075367B /* Products */ = {
			isa = PBXGroup;
			children = (
				9F345D751A5596CC0075367B /* Kyzook.app */,
				9F345D911A5596CD0075367B /* KyzookTests.xctest */,
			);
			name = Products;
			sourceTree = "<group>";
		};
		9F345D771A5596CC0075367B /* Kyzook */ = {
			isa = PBXGroup;
			children = (
				9F345D7C1A5596CC0075367B /* AppDelegate.h */,
				9F345D7D1A5596CC0075367B /* AppDelegate.m */,
				9F345D821A5596CC0075367B /* ViewController.h */,
				9F345D831A5596CC0075367B /* ViewController.m */,
				9F345D851A5596CC0075367B /* Main.storyboard */,
				9F345D881A5596CC0075367B /* Images.xcassets */,
				9F345D8A1A5596CC0075367B /* LaunchScreen.xib */,
				9F345D7F1A5596CC0075367B /* Kyzook.xcdatamodeld */,
				9F345D781A5596CC0075367B /* Supporting Files */,
			);
			path = Kyzook;
			sourceTree = "<group>";
		};
		9F345D781A5596CC0075367B /* Supporting Files */ = {
			isa = PBXGroup;
			children = (
				9F345D791A5596CC0075367B /* Info.plist */,
				9F345D7A1A5596CC0075367B /* main.m */,
			);
			name = "Supporting Files";
			sourceTree = "<group>";
		};
		9F345D941A5596CD0075367B /* KyzookTests */ = {
			isa = PBXGroup;
			children = (
				9F345D971A5596CD0075367B /* KyzookTests.m */,
				9F345D951A5596CD0075367B /* Supporting Files */,
			);
			path = KyzookTests;
			sourceTree = "<group>";
		};
		9F345D951A5596CD0075367B /* Supporting Files */ = {
			isa = PBXGroup;
			children = (
				9F345D961A5596CD0075367B /* Info.plist */,
			);
			name = "Supporting Files";
			sourceTree = "<group>";
		};
/* End PBXGroup section */

/* Begin PBXNativeTarget section */
		9F345D741A5596CC0075367B /* Kyzook */ = {
			isa = PBXNativeTarget;
			buildConfigurationList = 9F345D9B1A5596CD0075367B /* Build configuration list for PBXNativeTarget "Kyzook" */;
			buildPhases = (
				9F345D711A5596CC0075367B /* Sources */,
				9F345D721A5596CC0075367B /* Frameworks */,
				9F345D731A5596CC0075367B /* Resources */,
			);
			buildRules = (
			);
			dependencies = (
			);
			name = Kyzook;
			productName = Kyzook;
			productReference = 9F345D751A5596CC0075367B /* Kyzook.app */;
			productType = "com.apple.product-type.application";
		};
		9F345D901A5596CD0075367B /* KyzookTests */ = {
			isa = PBXNativeTarget;
			buildConfigurationList = 9F345D9E1A5596CD0075367B /* Build configuration list for PBXNativeTarget "KyzookTests" */;
			buildPhases = (
				9F345D8D1A5596CD0075367B /* Sources */,
				9F345D8E1A5596CD0075367B /* Frameworks */,
				9F345D8F1A5596CD0075367B /* Resources */,
			);
			buildRules = (
			);
			dependencies = (
				9F345D931A5596CD0075367B /* PBXTargetDependency */,
			);
			name = KyzookTests;
			productName = KyzookTests;
			productReference = 9F345D911A5596CD0075367B /* KyzookTests.xctest */;
			productType = "com.apple.product-type.bundle.unit-test";
		};
/* End PBXNativeTarget section */

/* Begin PBXProject section */
		9F345D6D1A5596CC0075367B /* Project object */ = {
			isa = PBXProject;
			attributes = {
				LastUpgradeCheck = 0610;
				ORGANIZATIONNAME = "Lightrains Technolabs";
				TargetAttributes = {
					9F345D741A5596CC0075367B = {
						CreatedOnToolsVersion = 6.1.1;
					};
					9F345D901A5596CD0075367B = {
						CreatedOnToolsVersion = 6.1.1;
						TestTargetID = 9F345D741A5596CC0075367B;
					};
				};
			};
			buildConfigurationList = 9F345D701A5596CC0075367B /* Build configuration list for PBXProject "Kyzook" */;
			compatibilityVersion = "Xcode 3.2";
			developmentRegion = English;
			hasScannedForEncodings = 0;
			knownRegions = (
				en,
				Base,
			);
			mainGroup = 9F345D6C1A5596CC0075367B;
			productRefGroup = 9F345D761A5596CC0075367B /* Products */;
			projectDirPath = "";
			projectRoot = "";
			targets = (
				9F345D741A5596CC0075367B /* Kyzook */,
				9F345D901A5596CD0075367B /* KyzookTests */,
			);
		};
/* End PBXProject section */

/* Begin PBXResourcesBuildPhase section */
		9F345D731A5596CC0075367B /* Resources */ = {
			isa = PBXResourcesBuildPhase;
			buildActionMask = 2147483647;
			files = (
				9F345D871A5596CC0075367B /* Main.storyboard in Resources */,
				9F345D8C1A5596CC0075367B /* LaunchScreen.xib in Resources */,
				9F345D891A5596CC0075367B /* Images.xcassets in Resources */,
			);
			runOnlyForDeploymentPostprocessing = 0;
		};
		9F345D8F1A5596CD0075367B /* Resources */ = {
			isa = PBXResourcesBuildPhase;
			buildActionMask = 2147483647;
			files = (
			);
			runOnlyForDeploymentPostprocessing = 0;
		};
/* End PBXResourcesBuildPhase section */

/* Begin PBXSourcesBuildPhase section */
		9F345D711A5596CC0075367B /* Sources */ = {
			isa = PBXSourcesBuildPhase;
			buildActionMask = 2147483647;
			files = (
				9F345D7E1A5596CC0075367B /* AppDelegate.m in Sources */,
				9F345D7B1A5596CC0075367B /* main.m in Sources */,
				9F345D841A5596CC0075367B /* ViewController.m in Sources */,
				9F345D811A5596CC0075367B /* Kyzook.xcdatamodeld in Sources */,
			);
			runOnlyForDeploymentPostprocessing = 0;
		};
		9F345D8D1A5596CD0075367B /* Sources */ = {
			isa = PBXSourcesBuildPhase;
			buildActionMask = 2147483647;
			files = (
				9F345D981A5596CD0075367B /* KyzookTests.m in Sources */,
			);
			runOnlyForDeploymentPostprocessing = 0;
		};
/* End PBXSourcesBuildPhase section */

/* Begin PBXTargetDependency section */
		9F345D931A5596CD0075367B /* PBXTargetDependency */ = {
			isa = PBXTargetDependency;
			target = 9F345D741A5596CC0075367B /* Kyzook */;
			targetProxy = 9F345D921A5596CD0075367B /* PBXContainerItemProxy */;
		};
/* End PBXTargetDependency section */

/* Begin PBXVariantGroup section */
		9F345D851A5596CC0075367B /* Main.storyboard */ = {
			isa = PBXVariantGroup;
			children = (
				9F345D861A5596CC0075367B /* Base */,
			);
			name = Main.storyboard;
			sourceTree = "<group>";
		};
		9F345D8A1A5596CC0075367B /* LaunchScreen.xib */ = {
			isa = PBXVariantGroup;
			children = (
				9F345D8B1A5596CC0075367B /* Base */,
			);
			name = LaunchScreen.xib;
			sourceTree = "<group>";
		};
/* End PBXVariantGroup section */

/* Begin XCBuildConfiguration section */
		9F345D991A5596CD0075367B /* Debug */ = {
			isa = XCBuildConfiguration;
			buildSettings = {
				ALWAYS_SEARCH_USER_PATHS = NO;
				CLANG_CXX_LANGUAGE_STANDARD = "gnu++0x";
				CLANG_CXX_LIBRARY = "libc++";
				CLANG_ENABLE_MODULES = YES;
				CLANG_ENABLE_OBJC_ARC = YES;
				CLANG_WARN_BOOL_CONVERSION = YES;
				CLANG_WARN_CONSTANT_CONVERSION = YES;
				CLANG_WARN_DIRECT_OBJC_ISA_USAGE = YES_ERROR;
				CLANG_WARN_EMPTY_BODY = YES;
				CLANG_WARN_ENUM_CONVERSION = YES;
				CLANG_WARN_INT_CONVERSION = YES;
				CLANG_WARN_OBJC_ROOT_CLASS = YES_ERROR;
				CLANG_WARN_UNREACHABLE_CODE = YES;
				CLANG_WARN__DUPLICATE_METHOD_MATCH = YES;
				"CODE_SIGN_IDENTITY[sdk=iphoneos*]" = "iPhone Developer";
				COPY_PHASE_STRIP = NO;
				ENABLE_STRICT_OBJC_MSGSEND = YES;
				GCC_C_LANGUAGE_STANDARD = gnu99;
				GCC_DYNAMIC_NO_PIC = NO;
				GCC_OPTIMIZATION_LEVEL = 0;
				GCC_PREPROCESSOR_DEFINITIONS = (
					"DEBUG=1",
					"$(inherited)",
				);
				GCC_SYMBOLS_PRIVATE_EXTERN = NO;
				GCC_WARN_64_TO_32_BIT_CONVERSION = YES;
				GCC_WARN_ABOUT_RETURN_TYPE = YES_ERROR;
				GCC_WARN_UNDECLARED_SELECTOR = YES;
				GCC_WARN_UNINITIALIZED_AUTOS = YES_AGGRESSIVE;
				GCC_WARN_UNUSED_FUNCTION = YES;
				GCC_WARN_UNUSED_VARIABLE = YES;
				IPHONEOS_DEPLOYMENT_TARGET = 8.1;
				MTL_ENABLE_DEBUG_INFO = YES;
				ONLY_ACTIVE_ARCH = YES;
				SDKROOT = iphoneos;
				TARGETED_DEVICE_FAMILY = "1,2";
			};
			name = Debug;
		};
		9F345D9A1A5596CD0075367B /* Release */ = {
			isa = XCBuildConfiguration;
			buildSettings = {
				ALWAYS_SEARCH_USER_PATHS = NO;
				CLANG_CXX_LANGUAGE_STANDARD = "gnu++0x";
				CLANG_CXX_LIBRARY = "libc++";
				CLANG_ENABLE_MODULES = YES;
				CLANG_ENABLE_OBJC_ARC = YES;
				CLANG_WARN_BOOL_CONVERSION = YES;
				CLANG_WARN_CONSTANT_CONVERSION = YES;
				CLANG_WARN_DIRECT_OBJC_ISA_USAGE = YES_ERROR;
				CLANG_WARN_EMPTY_BODY = YES;
				CLANG_WARN_ENUM_CONVERSION = YES;
				CLANG_WARN_INT_CONVERSION = YES;
				CLANG_WARN_OBJC_ROOT_CLASS = YES_ERROR;
				CLANG_WARN_UNREACHABLE_CODE = YES;
				CLANG_WARN__DUPLICATE_METHOD_MATCH = YES;
				"CODE_SIGN_IDENTITY[sdk=iphoneos*]" = "iPhone Developer";
				COPY_PHASE_STRIP = YES;
				ENABLE_NS_ASSERTIONS = NO;
				ENABLE_STRICT_OBJC_MSGSEND = YES;
				GCC_C_LANGUAGE_STANDARD = gnu99;
				GCC_WARN_64_TO_32_BIT_CONVERSION = YES;
				GCC_WARN_ABOUT_RETURN_TYPE = YES_ERROR;
				GCC_WARN_UNDECLARED_SELECTOR = YES;
				GCC_WARN_UNINITIALIZED_AUTOS = YES_AGGRESSIVE;
				GCC_WARN_UNUSED_FUNCTION = YES;
				GCC_WARN_UNUSED_VARIABLE = YES;
				IPHONEOS_DEPLOYMENT_TARGET = 8.1;
				MTL_ENABLE_DEBUG_INFO = NO;
				SDKROOT = iphoneos;
				TARGETED_DEVICE_FAMILY = "1,2";
				VALIDATE_PRODUCT = YES;
			};
			name = Release;
		};
		9F345D9C1A5596CD0075367B /* Debug */ = {
			isa = XCBuildConfiguration;
			buildSettings = {
				ASSETCATALOG_COMPILER_APPICON_NAME = AppIcon;
				INFOPLIST_FILE = Kyzook/Info.plist;
				LD_RUNPATH_SEARCH_PATHS = "$(inherited) @executable_path/Frameworks";
				PRODUCT_NAME = "$(TARGET_NAME)";
			};
			name = Debug;
		};
		9F345D9D1A5596CD0075367B /* Release */ = {
			isa = XCBuildConfiguration;
			buildSettings = {
				ASSETCATALOG_COMPILER_APPICON_NAME = AppIcon;
				INFOPLIST_FILE = Kyzook/Info.plist;
				LD_RUNPATH_SEARCH_PATHS = "$(inherited) @executable_path/Frameworks";
				PRODUCT_NAME = "$(TARGET_NAME)";
			};
			name = Release;
		};
		9F345D9F1A5596CD0075367B /* Debug */ = {
			isa = XCBuildConfiguration;
			buildSettings = {
				BUNDLE_LOADER = "$(TEST_HOST)";
				FRAMEWORK_SEARCH_PATHS = (
					"$(SDKROOT)/Developer/Library/Frameworks",
					"$(inherited)",
				);
				GCC_PREPROCESSOR_DEFINITIONS = (
					"DEBUG=1",
					"$(inherited)",
				);
				INFOPLIST_FILE = KyzookTests/Info.plist;
				LD_RUNPATH_SEARCH_PATHS = "$(inherited) @executable_path/Frameworks @loader_path/Frameworks";
				PRODUCT_NAME = "$(TARGET_NAME)";
				TEST_HOST = "$(BUILT_PRODUCTS_DIR)/Kyzook.app/Kyzook";
			};
			name = Debug;
		};
		9F345DA01A5596CD0075367B /* Release */ = {
			isa = XCBuildConfiguration;
			buildSettings = {
				BUNDLE_LOADER = "$(TEST_HOST)";
				FRAMEWORK_SEARCH_PATHS = (
					"$(SDKROOT)/Developer/Library/Frameworks",
					"$(inherited)",
				);
				INFOPLIST_FILE = KyzookTests/Info.plist;
				LD_RUNPATH_SEARCH_PATHS = "$(inherited) @executable_path/Frameworks @loader_path/Frameworks";
				PRODUCT_NAME = "$(TARGET_NAME)";
				TEST_HOST = "$(BUILT_PRODUCTS_DIR)/Kyzook.app/Kyzook";
			};
			name = Release;
		};
/* End XCBuildConfiguration section */

/* Begin XCConfigurationList section */
		9F345D701A5596CC0075367B /* Build configuration list for PBXProject "Kyzook" */ = {
			isa = XCConfigurationList;
			buildConfigurations = (
				9F345D991A5596CD0075367B /* Debug */,
				9F345D9A1A5596CD0075367B /* Release */,
			);
			defaultConfigurationIsVisible = 0;
			defaultConfigurationName = Release;
		};
		9F345D9B1A5596CD0075367B /* Build configuration list for PBXNativeTarget "Kyzook" */ = {
			isa = XCConfigurationList;
			buildConfigurations = (
				9F345D9C1A5596CD0075367B /* Debug */,
				9F345D9D1A5596CD0075367B /* Release */,
			);
			defaultConfigurationIsVisible = 0;
		};
		9F345D9E1A5596CD0075367B /* Build configuration list for PBXNativeTarget "KyzookTests" */ = {
			isa = XCConfigurationList;
			buildConfigurations = (
				9F345D9F1A5596CD0075367B /* Debug */,
				9F345DA01A5596CD0075367B /* Release */,
			);
			defaultConfigurationIsVisible = 0;
		};
/* End XCConfigurationList section */

/* Begin XCVersionGroup section */
		9F345D7F1A5596CC0075367B /* Kyzook.xcdatamodeld */ = {
			isa = XCVersionGroup;
			children = (
				9F345D801A5596CC0075367B /* Kyzook.xcdatamodel */,
			);
			currentVersion = 9F345D801A5596CC0075367B /* Kyzook.xcdatamodel */;
			path = Kyzook.xcdatamodeld;
			sourceTree = "<group>";
			versionGroupType = wrapper.xcdatamodel;
		};
/* End XCVersionGroup section */
	};
	rootObject = 9F345D6D1A5596CC0075367B /* Project object */;
}
